Microsoft Visual Studio Solution File, Format Version 7.00
Project("{8BC9CEB8-8B4A-11D0-8D11-00A0C91BC942}") = "ec", "ec.vcproj", "{46BBD632-D29A-4FEB-9C88-84975E6DBBB7}"
EndProject
Project("{8BC9CEB8-8B4A-11D0-8D11-00A0C91BC942}") = "ecc", "ecc.vcproj", "{240C5F26-FED5-4981-8C0B-F2123F6826A1}"
EndProject
Project("{8BC9CEB8-8B4A-11D0-8D11-00A0C91BC942}") = "ecdump", "ecdump.vcproj", "{E8C3DAFC-A56D-462A-BFFC-AAB19546AD42}"
EndProject
Project("{8BC9CEB8-8B4A-11D0-8D11-00A0C91BC942}") = "elastiC", "elastiC.vcproj", "{8694F986-AD3A-4B8B-979C-AC667E23BE60}"
EndProject
Project("{8BC9CEB8-8B4A-11D0-8D11-00A0C91BC942}") = "pcre", "pcre.vcproj", "{B2909C92-2682-4597-8535-0A63BE37CA27}"
EndProject
Project("{8BC9CEB8-8B4A-11D0-8D11-00A0C91BC942}") = "re", "re.vcproj", "{58EDA24D-C52B-4AFB-9B96-0F86554DAF98}"
EndProject
Global
	GlobalSection(SolutionConfiguration) = preSolution
		ConfigName.0 = Debug
		ConfigName.1 = Release
	EndGlobalSection
	GlobalSection(ProjectDependencies) = postSolution
		{46BBD632-D29A-4FEB-9C88-84975E6DBBB7}.0 = {58EDA24D-C52B-4AFB-9B96-0F86554DAF98}
		{46BBD632-D29A-4FEB-9C88-84975E6DBBB7}.1 = {B2909C92-2682-4597-8535-0A63BE37CA27}
		{46BBD632-D29A-4FEB-9C88-84975E6DBBB7}.2 = {8694F986-AD3A-4B8B-979C-AC667E23BE60}
		{240C5F26-FED5-4981-8C0B-F2123F6826A1}.0 = {58EDA24D-C52B-4AFB-9B96-0F86554DAF98}
		{240C5F26-FED5-4981-8C0B-F2123F6826A1}.1 = {B2909C92-2682-4597-8535-0A63BE37CA27}
		{240C5F26-FED5-4981-8C0B-F2123F6826A1}.2 = {8694F986-AD3A-4B8B-979C-AC667E23BE60}
		{E8C3DAFC-A56D-462A-BFFC-AAB19546AD42}.0 = {58EDA24D-C52B-4AFB-9B96-0F86554DAF98}
		{E8C3DAFC-A56D-462A-BFFC-AAB19546AD42}.1 = {B2909C92-2682-4597-8535-0A63BE37CA27}
		{E8C3DAFC-A56D-462A-BFFC-AAB19546AD42}.2 = {8694F986-AD3A-4B8B-979C-AC667E23BE60}
		{58EDA24D-C52B-4AFB-9B96-0F86554DAF98}.0 = {B2909C92-2682-4597-8535-0A63BE37CA27}
		{58EDA24D-C52B-4AFB-9B96-0F86554DAF98}.1 = {8694F986-AD3A-4B8B-979C-AC667E23BE60}
	EndGlobalSection
	GlobalSection(ProjectConfiguration) = postSolution
		{46BBD632-D29A-4FEB-9C88-84975E6DBBB7}.Debug.ActiveCfg = Debug|Win32
		{46BBD632-D29A-4FEB-9C88-84975E6DBBB7}.Debug.Build.0 = Debug|Win32
		{46BBD632-D29A-4FEB-9C88-84975E6DBBB7}.Release.ActiveCfg = Release|Win32
		{46BBD632-D29A-4FEB-9C88-84975E6DBBB7}.Release.Build.0 = Release|Win32
		{240C5F26-FED5-4981-8C0B-F2123F6826A1}.Debug.ActiveCfg = Debug|Win32
		{240C5F26-FED5-4981-8C0B-F2123F6826A1}.Debug.Build.0 = Debug|Win32
		{240C5F26-FED5-4981-8C0B-F2123F6826A1}.Release.ActiveCfg = Release|Win32
		{240C5F26-FED5-4981-8C0B-F2123F6826A1}.Release.Build.0 = Release|Win32
		{E8C3DAFC-A56D-462A-BFFC-AAB19546AD42}.Debug.ActiveCfg = Debug|Win32
		{E8C3DAFC-A56D-462A-BFFC-AAB19546AD42}.Debug.Build.0 = Debug|Win32
		{E8C3DAFC-A56D-462A-BFFC-AAB19546AD42}.Release.ActiveCfg = Release|Win32
		{E8C3DAFC-A56D-462A-BFFC-AAB19546AD42}.Release.Build.0 = Release|Win32
		{8694F986-AD3A-4B8B-979C-AC667E23BE60}.Debug.ActiveCfg = Debug|Win32
		{8694F986-AD3A-4B8B-979C-AC667E23BE60}.Debug.Build.0 = Debug|Win32
		{8694F986-AD3A-4B8B-979C-AC667E23BE60}.Release.ActiveCfg = Release|Win32
		{8694F986-AD3A-4B8B-979C-AC667E23BE60}.Release.Build.0 = Release|Win32
		{B2909C92-2682-4597-8535-0A63BE37CA27}.Debug.ActiveCfg = Debug|Win32
		{B2909C92-2682-4597-8535-0A63BE37CA27}.Debug.Build.0 = Debug|Win32
		{B2909C92-2682-4597-8535-0A63BE37CA27}.Release.ActiveCfg = Release|Win32
		{B2909C92-2682-4597-8535-0A63BE37CA27}.Release.Build.0 = Release|Win32
		{58EDA24D-C52B-4AFB-9B96-0F86554DAF98}.Debug.ActiveCfg = Debug|Win32
		{58EDA24D-C52B-4AFB-9B96-0F86554DAF98}.Debug.Build.0 = Debug|Win32
		{58EDA24D-C52B-4AFB-9B96-0F86554DAF98}.Release.ActiveCfg = Release|Win32
		{58EDA24D-C52B-4AFB-9B96-0F86554DAF98}.Release.Build.0 = Release|Win32
	EndGlobalSection
	GlobalSection(ExtensibilityGlobals) = postSolution
	EndGlobalSection
	GlobalSection(ExtensibilityAddIns) = postSolution
	EndGlobalSection
EndGlobal
